
Microsoft Visual Studio Solution File, Format Version 12.00
# Visual Studio Version 17
VisualStudioVersion = 17.14.36429.23 d17.14
MinimumVisualStudioVersion = 10.0.40219.1
Project("{FAE04EC0-301F-11D3-BF4B-00C04F79EFBC}") = "visualprogramming", "visualprogramming.csproj", "{A6F67D54-2B91-4BE7-A766-8957C4108662}"
EndProject
Global
	GlobalSection(SolutionConfigurationPlatforms) = preSolution
		Debug|Any CPU = Debug|Any CPU
		Release|Any CPU = Release|Any CPU
	EndGlobalSection
	GlobalSection(ProjectConfigurationPlatforms) = postSolution
		{A6F67D54-2B91-4BE7-A766-8957C4108662}.Debug|Any CPU.ActiveCfg = Debug|Any CPU
		{A6F67D54-2B91-4BE7-A766-8957C4108662}.Debug|Any CPU.Build.0 = Debug|Any CPU
		{A6F67D54-2B91-4BE7-A766-8957C4108662}.Release|Any CPU.ActiveCfg = Release|Any CPU
		{A6F67D54-2B91-4BE7-A766-8957C4108662}.Release|Any CPU.Build.0 = Release|Any CPU
	EndGlobalSection
	GlobalSection(SolutionProperties) = preSolution
		HideSolutionNode = FALSE
	EndGlobalSection
	GlobalSection(ExtensibilityGlobals) = postSolution
		SolutionGuid = {F26F8159-03BD-4808-9E09-9631910C6F01}
	EndGlobalSection
EndGlobal
